// !$*UTF8*$!
{
	archiveVersion = 1;
	classes = {
	};
	objectVersion = 48;
	objects = {

/* Begin PBXBuildFile section */
		64235E0D1FD4C30D0031A2DF /* MovieCatalogCoreData.xcdatamodeld in Sources */ = {isa = PBXBuildFile; fileRef = 64235E0B1FD4C30D0031A2DF /* MovieCatalogCoreData.xcdatamodeld */; };
		64235E101FD5EDFE0031A2DF /* MovieDetails+CoreDataClass.swift in Sources */ = {isa = PBXBuildFile; fileRef = 64235E0E1FD5EDFE0031A2DF /* MovieDetails+CoreDataClass.swift */; };
		64235E111FD5EDFE0031A2DF /* MovieDetails+CoreDataProperties.swift in Sources */ = {isa = PBXBuildFile; fileRef = 64235E0F1FD5EDFE0031A2DF /* MovieDetails+CoreDataProperties.swift */; };
		64B56D781FD338990031E8CF /* MovieViewController.swift in Sources */ = {isa = PBXBuildFile; fileRef = 64B56D771FD338990031E8CF /* MovieViewController.swift */; };
		64B56D7A1FD33A190031E8CF /* MovieCatalogTableViewController.swift in Sources */ = {isa = PBXBuildFile; fileRef = 64B56D791FD33A190031E8CF /* MovieCatalogTableViewController.swift */; };
		64B56D7C1FD33C580031E8CF /* MovieCatalogCell.swift in Sources */ = {isa = PBXBuildFile; fileRef = 64B56D7B1FD33C580031E8CF /* MovieCatalogCell.swift */; };
		64B56D7F1FD33E8B0031E8CF /* NetworkManager.swift in Sources */ = {isa = PBXBuildFile; fileRef = 64B56D7E1FD33E8B0031E8CF /* NetworkManager.swift */; };
		64B56D811FD33F600031E8CF /* NetworkOperation.swift in Sources */ = {isa = PBXBuildFile; fileRef = 64B56D801FD33F600031E8CF /* NetworkOperation.swift */; };
		64B56D831FD33F750031E8CF /* NewtworkSession.swift in Sources */ = {isa = PBXBuildFile; fileRef = 64B56D821FD33F750031E8CF /* NewtworkSession.swift */; };
		64B56D861FD4AFBA0031E8CF /* MovieLocationViewController.swift in Sources */ = {isa = PBXBuildFile; fileRef = 64B56D851FD4AFBA0031E8CF /* MovieLocationViewController.swift */; };
		64B56D891FD4B43F0031E8CF /* Constants.swift in Sources */ = {isa = PBXBuildFile; fileRef = 64B56D881FD4B43F0031E8CF /* Constants.swift */; };
		64B56DCC1FD4C1450031E8CF /* CoreDataManager.swift in Sources */ = {isa = PBXBuildFile; fileRef = 64B56DCB1FD4C1450031E8CF /* CoreDataManager.swift */; };
		DC67AE981FD3243000A33A85 /* AppDelegate.swift in Sources */ = {isa = PBXBuildFile; fileRef = DC67AE971FD3243000A33A85 /* AppDelegate.swift */; };
		DC67AE9D1FD3243000A33A85 /* Main.storyboard in Resources */ = {isa = PBXBuildFile; fileRef = DC67AE9B1FD3243000A33A85 /* Main.storyboard */; };
		DC67AE9F1FD3243000A33A85 /* Assets.xcassets in Resources */ = {isa = PBXBuildFile; fileRef = DC67AE9E1FD3243000A33A85 /* Assets.xcassets */; };
		DC67AEA21FD3243000A33A85 /* LaunchScreen.storyboard in Resources */ = {isa = PBXBuildFile; fileRef = DC67AEA01FD3243000A33A85 /* LaunchScreen.storyboard */; };
		DC67AEAD1FD3243100A33A85 /* MovieCatalogTests.swift in Sources */ = {isa = PBXBuildFile; fileRef = DC67AEAC1FD3243100A33A85 /* MovieCatalogTests.swift */; };
		DC67AEB81FD3243100A33A85 /* MovieCatalogUITests.swift in Sources */ = {isa = PBXBuildFile; fileRef = DC67AEB71FD3243100A33A85 /* MovieCatalogUITests.swift */; };
/* End PBXBuildFile section */

/* Begin PBXContainerItemProxy section */
		DC67AEA91FD3243100A33A85 /* PBXContainerItemProxy */ = {
			isa = PBXContainerItemProxy;
			containerPortal = DC67AE8C1FD3243000A33A85 /* Project object */;
			proxyType = 1;
			remoteGlobalIDString = DC67AE931FD3243000A33A85;
			remoteInfo = MovieCatalog;
		};
		DC67AEB41FD3243100A33A85 /* PBXContainerItemProxy */ = {
			isa = PBXContainerItemProxy;
			containerPortal = DC67AE8C1FD3243000A33A85 /* Project object */;
			proxyType = 1;
			remoteGlobalIDString = DC67AE931FD3243000A33A85;
			remoteInfo = MovieCatalog;
		};
/* End PBXContainerItemProxy section */

/* Begin PBXFileReference section */
		64235E0C1FD4C30D0031A2DF /* MovieCatalogCoreData.xcdatamodel */ = {isa = PBXFileReference; lastKnownFileType = wrapper.xcdatamodel; path = MovieCatalogCoreData.xcdatamodel; sourceTree = "<group>"; };
		64235E0E1FD5EDFE0031A2DF /* MovieDetails+CoreDataClass.swift */ = {isa = PBXFileReference; lastKnownFileType = sourcecode.swift; path = "MovieDetails+CoreDataClass.swift"; sourceTree = "<group>"; };
		64235E0F1FD5EDFE0031A2DF /* MovieDetails+CoreDataProperties.swift */ = {isa = PBXFileReference; lastKnownFileType = sourcecode.swift; path = "MovieDetails+CoreDataProperties.swift"; sourceTree = "<group>"; };
		64B56D771FD338990031E8CF /* MovieViewController.swift */ = {isa = PBXFileReference; lastKnownFileType = sourcecode.swift; path = MovieViewController.swift; sourceTree = "<group>"; };
		64B56D791FD33A190031E8CF /* MovieCatalogTableViewController.swift */ = {isa = PBXFileReference; lastKnownFileType = sourcecode.swift; path = MovieCatalogTableViewController.swift; sourceTree = "<group>"; };
		64B56D7B1FD33C580031E8CF /* MovieCatalogCell.swift */ = {isa = PBXFileReference; lastKnownFileType = sourcecode.swift; path = MovieCatalogCell.swift; sourceTree = "<group>"; };
		64B56D7E1FD33E8B0031E8CF /* NetworkManager.swift */ = {isa = PBXFileReference; lastKnownFileType = sourcecode.swift; path = NetworkManager.swift; sourceTree = "<group>"; };
		64B56D801FD33F600031E8CF /* NetworkOperation.swift */ = {isa = PBXFileReference; lastKnownFileType = sourcecode.swift; path = NetworkOperation.swift; sourceTree = "<group>"; };
		64B56D821FD33F750031E8CF /* NewtworkSession.swift */ = {isa = PBXFileReference; lastKnownFileType = sourcecode.swift; path = NewtworkSession.swift; sourceTree = "<group>"; };
		64B56D851FD4AFBA0031E8CF /* MovieLocationViewController.swift */ = {isa = PBXFileReference; lastKnownFileType = sourcecode.swift; path = MovieLocationViewController.swift; sourceTree = "<group>"; };
		64B56D881FD4B43F0031E8CF /* Constants.swift */ = {isa = PBXFileReference; lastKnownFileType = sourcecode.swift; path = Constants.swift; sourceTree = "<group>"; };
		64B56DCB1FD4C1450031E8CF /* CoreDataManager.swift */ = {isa = PBXFileReference; lastKnownFileType = sourcecode.swift; path = CoreDataManager.swift; sourceTree = "<group>"; };
		DC67AE941FD3243000A33A85 /* MovieCatalog.app */ = {isa = PBXFileReference; explicitFileType = wrapper.application; includeInIndex = 0; path = MovieCatalog.app; sourceTree = BUILT_PRODUCTS_DIR; };
		DC67AE971FD3243000A33A85 /* AppDelegate.swift */ = {isa = PBXFileReference; lastKnownFileType = sourcecode.swift; path = AppDelegate.swift; sourceTree = "<group>"; };
		DC67AE9C1FD3243000A33A85 /* Base */ = {isa = PBXFileReference; lastKnownFileType = file.storyboard; name = Base; path = Base.lproj/Main.storyboard; sourceTree = "<group>"; };
		DC67AE9E1FD3243000A33A85 /* Assets.xcassets */ = {isa = PBXFileReference; lastKnownFileType = folder.assetcatalog; path = Assets.xcassets; sourceTree = "<group>"; };
		DC67AEA11FD3243000A33A85 /* Base */ = {isa = PBXFileReference; lastKnownFileType = file.storyboard; name = Base; path = Base.lproj/LaunchScreen.storyboard; sourceTree = "<group>"; };
		DC67AEA31FD3243000A33A85 /* Info.plist */ = {isa = PBXFileReference; lastKnownFileType = text.plist.xml; path = Info.plist; sourceTree = "<group>"; };
		DC67AEA81FD3243100A33A85 /* MovieCatalogTests.xctest */ = {isa = PBXFileReference; explicitFileType = wrapper.cfbundle; includeInIndex = 0; path = MovieCatalogTests.xctest; sourceTree = BUILT_PRODUCTS_DIR; };
		DC67AEAC1FD3243100A33A85 /* MovieCatalogTests.swift */ = {isa = PBXFileReference; lastKnownFileType = sourcecode.swift; path = MovieCatalogTests.swift; sourceTree = "<group>"; };
		DC67AEAE1FD3243100A33A85 /* Info.plist */ = {isa = PBXFileReference; lastKnownFileType = text.plist.xml; path = Info.plist; sourceTree = "<group>"; };
		DC67AEB31FD3243100A33A85 /* MovieCatalogUITests.xctest */ = {isa = PBXFileReference; explicitFileType = wrapper.cfbundle; includeInIndex = 0; path = MovieCatalogUITests.xctest; sourceTree = BUILT_PRODUCTS_DIR; };
		DC67AEB71FD3243100A33A85 /* MovieCatalogUITests.swift */ = {isa = PBXFileReference; lastKnownFileType = sourcecode.swift; path = MovieCatalogUITests.swift; sourceTree = "<group>"; };
		DC67AEB91FD3243100A33A85 /* Info.plist */ = {isa = PBXFileReference; lastKnownFileType = text.plist.xml; path = Info.plist; sourceTree = "<group>"; };
/* End PBXFileReference section */

/* Begin PBXFrameworksBuildPhase section */
		DC67AE911FD3243000A33A85 /* Frameworks */ = {
			isa = PBXFrameworksBuildPhase;
			buildActionMask = 2147483647;
			files = (
			);
			runOnlyForDeploymentPostprocessing = 0;
		};
		DC67AEA51FD3243100A33A85 /* Frameworks */ = {
			isa = PBXFrameworksBuildPhase;
			buildActionMask = 2147483647;
			files = (
			);
			runOnlyForDeploymentPostprocessing = 0;
		};
		DC67AEB01FD3243100A33A85 /* Frameworks */ = {
			isa = PBXFrameworksBuildPhase;
			buildActionMask = 2147483647;
			files = (
			);
			runOnlyForDeploymentPostprocessing = 0;
		};
/* End PBXFrameworksBuildPhase section */

/* Begin PBXGroup section */
		64B56D7D1FD33E6D0031E8CF /* Network */ = {
			isa = PBXGroup;
			children = (
				64B56D7E1FD33E8B0031E8CF /* NetworkManager.swift */,
				64B56D801FD33F600031E8CF /* NetworkOperation.swift */,
				64B56D821FD33F750031E8CF /* NewtworkSession.swift */,
			);
			path = Network;
			sourceTree = "<group>";
		};
		64B56D841FD4AF9B0031E8CF /* Location */ = {
			isa = PBXGroup;
			children = (
				64B56D851FD4AFBA0031E8CF /* MovieLocationViewController.swift */,
			);
			path = Location;
			sourceTree = "<group>";
		};
		64B56D871FD4B4290031E8CF /* Utility */ = {
			isa = PBXGroup;
			children = (
				64B56D881FD4B43F0031E8CF /* Constants.swift */,
			);
			path = Utility;
			sourceTree = "<group>";
		};
		64B56D8A1FD4C0C50031E8CF /* Model */ = {
			isa = PBXGroup;
			children = (
				64235E0E1FD5EDFE0031A2DF /* MovieDetails+CoreDataClass.swift */,
				64235E0F1FD5EDFE0031A2DF /* MovieDetails+CoreDataProperties.swift */,
				64B56DCB1FD4C1450031E8CF /* CoreDataManager.swift */,
				64235E0B1FD4C30D0031A2DF /* MovieCatalogCoreData.xcdatamodeld */,
			);
			path = Model;
			sourceTree = "<group>";
		};
		DC67AE8B1FD3243000A33A85 = {
			isa = PBXGroup;
			children = (
				DC67AE961FD3243000A33A85 /* MovieCatalog */,
				DC67AEAB1FD3243100A33A85 /* MovieCatalogTests */,
				DC67AEB61FD3243100A33A85 /* MovieCatalogUITests */,
				DC67AE951FD3243000A33A85 /* Products */,
			);
			sourceTree = "<group>";
		};
		DC67AE951FD3243000A33A85 /* Products */ = {
			isa = PBXGroup;
			children = (
				DC67AE941FD3243000A33A85 /* MovieCatalog.app */,
				DC67AEA81FD3243100A33A85 /* MovieCatalogTests.xctest */,
				DC67AEB31FD3243100A33A85 /* MovieCatalogUITests.xctest */,
			);
			name = Products;
			sourceTree = "<group>";
		};
		DC67AE961FD3243000A33A85 /* MovieCatalog */ = {
			isa = PBXGroup;
			children = (
				64B56D8A1FD4C0C50031E8CF /* Model */,
				64B56D871FD4B4290031E8CF /* Utility */,
				64B56D841FD4AF9B0031E8CF /* Location */,
				64B56D7D1FD33E6D0031E8CF /* Network */,
				DC67AE971FD3243000A33A85 /* AppDelegate.swift */,
				DC67AE9B1FD3243000A33A85 /* Main.storyboard */,
				DC67AE9E1FD3243000A33A85 /* Assets.xcassets */,
				DC67AEA01FD3243000A33A85 /* LaunchScreen.storyboard */,
				DC67AEA31FD3243000A33A85 /* Info.plist */,
				64B56D771FD338990031E8CF /* MovieViewController.swift */,
				64B56D791FD33A190031E8CF /* MovieCatalogTableViewController.swift */,
				64B56D7B1FD33C580031E8CF /* MovieCatalogCell.swift */,
			);
			path = MovieCatalog;
			sourceTree = "<group>";
		};
		DC67AEAB1FD3243100A33A85 /* MovieCatalogTests */ = {
			isa = PBXGroup;
			children = (
				DC67AEAC1FD3243100A33A85 /* MovieCatalogTests.swift */,
				DC67AEAE1FD3243100A33A85 /* Info.plist */,
			);
			path = MovieCatalogTests;
			sourceTree = "<group>";
		};
		DC67AEB61FD3243100A33A85 /* MovieCatalogUITests */ = {
			isa = PBXGroup;
			children = (
				DC67AEB71FD3243100A33A85 /* MovieCatalogUITests.swift */,
				DC67AEB91FD3243100A33A85 /* Info.plist */,
			);
			path = MovieCatalogUITests;
			sourceTree = "<group>";
		};
/* End PBXGroup section */

/* Begin PBXNativeTarget section */
		DC67AE931FD3243000A33A85 /* MovieCatalog */ = {
			isa = PBXNativeTarget;
			buildConfigurationList = DC67AEBC1FD3243100A33A85 /* Build configuration list for PBXNativeTarget "MovieCatalog" */;
			buildPhases = (
				DC67AE901FD3243000A33A85 /* Sources */,
				DC67AE911FD3243000A33A85 /* Frameworks */,
				DC67AE921FD3243000A33A85 /* Resources */,
			);
			buildRules = (
			);
			dependencies = (
			);
			name = MovieCatalog;
			productName = MovieCatalog;
			productReference = DC67AE941FD3243000A33A85 /* MovieCatalog.app */;
			productType = "com.apple.product-type.application";
		};
		DC67AEA71FD3243100A33A85 /* MovieCatalogTests */ = {
			isa = PBXNativeTarget;
			buildConfigurationList = DC67AEBF1FD3243100A33A85 /* Build configuration list for PBXNativeTarget "MovieCatalogTests" */;
			buildPhases = (
				DC67AEA41FD3243100A33A85 /* Sources */,
				DC67AEA51FD3243100A33A85 /* Frameworks */,
				DC67AEA61FD3243100A33A85 /* Resources */,
			);
			buildRules = (
			);
			dependencies = (
				DC67AEAA1FD3243100A33A85 /* PBXTargetDependency */,
			);
			name = MovieCatalogTests;
			productName = MovieCatalogTests;
			productReference = DC67AEA81FD3243100A33A85 /* MovieCatalogTests.xctest */;
			productType = "com.apple.product-type.bundle.unit-test";
		};
		DC67AEB21FD3243100A33A85 /* MovieCatalogUITests */ = {
			isa = PBXNativeTarget;
			buildConfigurationList = DC67AEC21FD3243100A33A85 /* Build configuration list for PBXNativeTarget "MovieCatalogUITests" */;
			buildPhases = (
				DC67AEAF1FD3243100A33A85 /* Sources */,
				DC67AEB01FD3243100A33A85 /* Frameworks */,
				DC67AEB11FD3243100A33A85 /* Resources */,
			);
			buildRules = (
			);
			dependencies = (
				DC67AEB51FD3243100A33A85 /* PBXTargetDependency */,
			);
			name = MovieCatalogUITests;
			productName = MovieCatalogUITests;
			productReference = DC67AEB31FD3243100A33A85 /* MovieCatalogUITests.xctest */;
			productType = "com.apple.product-type.bundle.ui-testing";
		};
/* End PBXNativeTarget section */

/* Begin PBXProject section */
		DC67AE8C1FD3243000A33A85 /* Project object */ = {
			isa = PBXProject;
			attributes = {
				LastSwiftUpdateCheck = 0900;
				LastUpgradeCheck = 0900;
				ORGANIZATIONNAME = Drones;
				TargetAttributes = {
					DC67AE931FD3243000A33A85 = {
						CreatedOnToolsVersion = 9.0;
						ProvisioningStyle = Automatic;
					};
					DC67AEA71FD3243100A33A85 = {
						CreatedOnToolsVersion = 9.0;
						ProvisioningStyle = Automatic;
						TestTargetID = DC67AE931FD3243000A33A85;
					};
					DC67AEB21FD3243100A33A85 = {
						CreatedOnToolsVersion = 9.0;
						ProvisioningStyle = Automatic;
						TestTargetID = DC67AE931FD3243000A33A85;
					};
				};
			};
			buildConfigurationList = DC67AE8F1FD3243000A33A85 /* Build configuration list for PBXProject "MovieCatalog" */;
			compatibilityVersion = "Xcode 8.0";
			developmentRegion = en;
			hasScannedForEncodings = 0;
			knownRegions = (
				en,
				Base,
			);
			mainGroup = DC67AE8B1FD3243000A33A85;
			productRefGroup = DC67AE951FD3243000A33A85 /* Products */;
			projectDirPath = "";
			projectRoot = "";
			targets = (
				DC67AE931FD3243000A33A85 /* MovieCatalog */,
				DC67AEA71FD3243100A33A85 /* MovieCatalogTests */,
				DC67AEB21FD3243100A33A85 /* MovieCatalogUITests */,
			);
		};
/* End PBXProject section */

/* Begin PBXResourcesBuildPhase section */
		DC67AE921FD3243000A33A85 /* Resources */ = {
			isa = PBXResourcesBuildPhase;
			buildActionMask = 2147483647;
			files = (
				DC67AEA21FD3243000A33A85 /* LaunchScreen.storyboard in Resources */,
				DC67AE9F1FD3243000A33A85 /* Assets.xcassets in Resources */,
				DC67AE9D1FD3243000A33A85 /* Main.storyboard in Resources */,
			);
			runOnlyForDeploymentPostprocessing = 0;
		};
		DC67AEA61FD3243100A33A85 /* Resources */ = {
			isa = PBXResourcesBuildPhase;
			buildActionMask = 2147483647;
			files = (
			);
			runOnlyForDeploymentPostprocessing = 0;
		};
		DC67AEB11FD3243100A33A85 /* Resources */ = {
			isa = PBXResourcesBuildPhase;
			buildActionMask = 2147483647;
			files = (
			);
			runOnlyForDeploymentPostprocessing = 0;
		};
/* End PBXResourcesBuildPhase section */

/* Begin PBXSourcesBuildPhase section */
		DC67AE901FD3243000A33A85 /* Sources */ = {
			isa = PBXSourcesBuildPhase;
			buildActionMask = 2147483647;
			files = (
				64B56D7F1FD33E8B0031E8CF /* NetworkManager.swift in Sources */,
				64235E0D1FD4C30D0031A2DF /* MovieCatalogCoreData.xcdatamodeld in Sources */,
				64235E111FD5EDFE0031A2DF /* MovieDetails+CoreDataProperties.swift in Sources */,
				64235E101FD5EDFE0031A2DF /* MovieDetails+CoreDataClass.swift in Sources */,
				64B56D861FD4AFBA0031E8CF /* MovieLocationViewController.swift in Sources */,
				DC67AE981FD3243000A33A85 /* AppDelegate.swift in Sources */,
				64B56D7A1FD33A190031E8CF /* MovieCatalogTableViewController.swift in Sources */,
				64B56D891FD4B43F0031E8CF /* Constants.swift in Sources */,
				64B56DCC1FD4C1450031E8CF /* CoreDataManager.swift in Sources */,
				64B56D7C1FD33C580031E8CF /* MovieCatalogCell.swift in Sources */,
				64B56D831FD33F750031E8CF /* NewtworkSession.swift in Sources */,
				64B56D781FD338990031E8CF /* MovieViewController.swift in Sources */,
				64B56D811FD33F600031E8CF /* NetworkOperation.swift in Sources */,
			);
			runOnlyForDeploymentPostprocessing = 0;
		};
		DC67AEA41FD3243100A33A85 /* Sources */ = {
			isa = PBXSourcesBuildPhase;
			buildActionMask = 2147483647;
			files = (
				DC67AEAD1FD3243100A33A85 /* MovieCatalogTests.swift in Sources */,
			);
			runOnlyForDeploymentPostprocessing = 0;
		};
		DC67AEAF1FD3243100A33A85 /* Sources */ = {
			isa = PBXSourcesBuildPhase;
			buildActionMask = 2147483647;
			files = (
				DC67AEB81FD3243100A33A85 /* MovieCatalogUITests.swift in Sources */,
			);
			runOnlyForDeploymentPostprocessing = 0;
		};
/* End PBXSourcesBuildPhase section */

/* Begin PBXTargetDependency section */
		DC67AEAA1FD3243100A33A85 /* PBXTargetDependency */ = {
			isa = PBXTargetDependency;
			target = DC67AE931FD3243000A33A85 /* MovieCatalog */;
			targetProxy = DC67AEA91FD3243100A33A85 /* PBXContainerItemProxy */;
		};
		DC67AEB51FD3243100A33A85 /* PBXTargetDependency */ = {
			isa = PBXTargetDependency;
			target = DC67AE931FD3243000A33A85 /* MovieCatalog */;
			targetProxy = DC67AEB41FD3243100A33A85 /* PBXContainerItemProxy */;
		};
/* End PBXTargetDependency section */

/* Begin PBXVariantGroup section */
		DC67AE9B1FD3243000A33A85 /* Main.storyboard */ = {
			isa = PBXVariantGroup;
			children = (
				DC67AE9C1FD3243000A33A85 /* Base */,
			);
			name = Main.storyboard;
			sourceTree = "<group>";
		};
		DC67AEA01FD3243000A33A85 /* LaunchScreen.storyboard */ = {
			isa = PBXVariantGroup;
			children = (
				DC67AEA11FD3243000A33A85 /* Base */,
			);
			name = LaunchScreen.storyboard;
			sourceTree = "<group>";
		};
/* End PBXVariantGroup section */

/* Begin XCBuildConfiguration section */
		DC67AEBA1FD3243100A33A85 /* Debug */ = {
			isa = XCBuildConfiguration;
			buildSettings = {
				ALWAYS_SEARCH_USER_PATHS = NO;
				CLANG_ANALYZER_NONNULL = YES;
				CLANG_ANALYZER_NUMBER_OBJECT_CONVERSION = YES_AGGRESSIVE;
				CLANG_CXX_LANGUAGE_STANDARD = "gnu++14";
				CLANG_CXX_LIBRARY = "libc++";
				CLANG_ENABLE_MODULES = YES;
				CLANG_ENABLE_OBJC_ARC = YES;
				CLANG_WARN_BLOCK_CAPTURE_AUTORELEASING = YES;
				CLANG_WARN_BOOL_CONVERSION = YES;
				CLANG_WARN_COMMA = YES;
				CLANG_WARN_CONSTANT_CONVERSION = YES;
				CLANG_WARN_DIRECT_OBJC_ISA_USAGE = YES_ERROR;
				CLANG_WARN_DOCUMENTATION_COMMENTS = YES;
				CLANG_WARN_EMPTY_BODY = YES;
				CLANG_WARN_ENUM_CONVERSION = YES;
				CLANG_WARN_INFINITE_RECURSION = YES;
				CLANG_WARN_INT_CONVERSION = YES;
				CLANG_WARN_NON_LITERAL_NULL_CONVERSION = YES;
				CLANG_WARN_OBJC_LITERAL_CONVERSION = YES;
				CLANG_WARN_OBJC_ROOT_CLASS = YES_ERROR;
				CLANG_WARN_RANGE_LOOP_ANALYSIS = YES;
				CLANG_WARN_STRICT_PROTOTYPES = YES;
				CLANG_WARN_SUSPICIOUS_MOVE = YES;
				CLANG_WARN_UNGUARDED_AVAILABILITY = YES_AGGRESSIVE;
				CLANG_WARN_UNREACHABLE_CODE = YES;
				CLANG_WARN__DUPLICATE_METHOD_MATCH = YES;
				CODE_SIGN_IDENTITY = "iPhone Developer";
				COPY_PHASE_STRIP = NO;
				DEBUG_INFORMATION_FORMAT = dwarf;
				ENABLE_STRICT_OBJC_MSGSEND = YES;
				ENABLE_TESTABILITY = YES;
				GCC_C_LANGUAGE_STANDARD = gnu11;
				GCC_DYNAMIC_NO_PIC = NO;
				GCC_NO_COMMON_BLOCKS = YES;
				GCC_OPTIMIZATION_LEVEL = 0;
				GCC_PREPROCESSOR_DEFINITIONS = (
					"DEBUG=1",
					"$(inherited)",
				);
				GCC_WARN_64_TO_32_BIT_CONVERSION = YES;
				GCC_WARN_ABOUT_RETURN_TYPE = YES_ERROR;
				GCC_WARN_UNDECLARED_SELECTOR = YES;
				GCC_WARN_UNINITIALIZED_AUTOS = YES_AGGRESSIVE;
				GCC_WARN_UNUSED_FUNCTION = YES;
				GCC_WARN_UNUSED_VARIABLE = YES;
				IPHONEOS_DEPLOYMENT_TARGET = 11.0;
				MTL_ENABLE_DEBUG_INFO = YES;
				ONLY_ACTIVE_ARCH = YES;
				SDKROOT = iphoneos;
				SWIFT_ACTIVE_COMPILATION_CONDITIONS = DEBUG;
				SWIFT_OPTIMIZATION_LEVEL = "-Onone";
			};
			name = Debug;
		};
		DC67AEBB1FD3243100A33A85 /* Release */ = {
			isa = XCBuildConfiguration;
			buildSettings = {
				ALWAYS_SEARCH_USER_PATHS = NO;
				CLANG_ANALYZER_NONNULL = YES;
				CLANG_ANALYZER_NUMBER_OBJECT_CONVERSION = YES_AGGRESSIVE;
				CLANG_CXX_LANGUAGE_STANDARD = "gnu++14";
				CLANG_CXX_LIBRARY = "libc++";
				CLANG_ENABLE_MODULES = YES;
				CLANG_ENABLE_OBJC_ARC = YES;
				CLANG_WARN_BLOCK_CAPTURE_AUTORELEASING = YES;
				CLANG_WARN_BOOL_CONVERSION = YES;
				CLANG_WARN_COMMA = YES;
				CLANG_WARN_CONSTANT_CONVERSION = YES;
				CLANG_WARN_DIRECT_OBJC_ISA_USAGE = YES_ERROR;
				CLANG_WARN_DOCUMENTATION_COMMENTS = YES;
				CLANG_WARN_EMPTY_BODY = YES;
				CLANG_WARN_ENUM_CONVERSION = YES;
				CLANG_WARN_INFINITE_RECURSION = YES;
				CLANG_WARN_INT_CONVERSION = YES;
				CLANG_WARN_NON_LITERAL_NULL_CONVERSION = YES;
				CLANG_WARN_OBJC_LITERAL_CONVERSION = YES;
				CLANG_WARN_OBJC_ROOT_CLASS = YES_ERROR;
				CLANG_WARN_RANGE_LOOP_ANALYSIS = YES;
				CLANG_WARN_STRICT_PROTOTYPES = YES;
				CLANG_WARN_SUSPICIOUS_MOVE = YES;
				CLANG_WARN_UNGUARDED_AVAILABILITY = YES_AGGRESSIVE;
				CLANG_WARN_UNREACHABLE_CODE = YES;
				CLANG_WARN__DUPLICATE_METHOD_MATCH = YES;
				CODE_SIGN_IDENTITY = "iPhone Developer";
				COPY_PHASE_STRIP = NO;
				DEBUG_INFORMATION_FORMAT = "dwarf-with-dsym";
				ENABLE_NS_ASSERTIONS = NO;
				ENABLE_STRICT_OBJC_MSGSEND = YES;
				GCC_C_LANGUAGE_STANDARD = gnu11;
				GCC_NO_COMMON_BLOCKS = YES;
				GCC_WARN_64_TO_32_BIT_CONVERSION = YES;
				GCC_WARN_ABOUT_RETURN_TYPE = YES_ERROR;
				GCC_WARN_UNDECLARED_SELECTOR = YES;
				GCC_WARN_UNINITIALIZED_AUTOS = YES_AGGRESSIVE;
				GCC_WARN_UNUSED_FUNCTION = YES;
				GCC_WARN_UNUSED_VARIABLE = YES;
				IPHONEOS_DEPLOYMENT_TARGET = 11.0;
				MTL_ENABLE_DEBUG_INFO = NO;
				SDKROOT = iphoneos;
				SWIFT_OPTIMIZATION_LEVEL = "-Owholemodule";
				VALIDATE_PRODUCT = YES;
			};
			name = Release;
		};
		DC67AEBD1FD3243100A33A85 /* Debug */ = {
			isa = XCBuildConfiguration;
			buildSettings = {
				ASSETCATALOG_COMPILER_APPICON_NAME = AppIcon;
				CODE_SIGN_STYLE = Automatic;
				INFOPLIST_FILE = MovieCatalog/Info.plist;
				LD_RUNPATH_SEARCH_PATHS = "$(inherited) @executable_path/Frameworks";
				PRODUCT_BUNDLE_IDENTIFIER = Com.Drones.MovieCatalog;
				PRODUCT_NAME = "$(TARGET_NAME)";
				SWIFT_VERSION = 4.0;
				TARGETED_DEVICE_FAMILY = "1,2";
			};
			name = Debug;
		};
		DC67AEBE1FD3243100A33A85 /* Release */ = {
			isa = XCBuildConfiguration;
			buildSettings = {
				ASSETCATALOG_COMPILER_APPICON_NAME = AppIcon;
				CODE_SIGN_STYLE = Automatic;
				INFOPLIST_FILE = MovieCatalog/Info.plist;
				LD_RUNPATH_SEARCH_PATHS = "$(inherited) @executable_path/Frameworks";
				PRODUCT_BUNDLE_IDENTIFIER = Com.Drones.MovieCatalog;
				PRODUCT_NAME = "$(TARGET_NAME)";
				SWIFT_VERSION = 4.0;
				TARGETED_DEVICE_FAMILY = "1,2";
			};
			name = Release;
		};
		DC67AEC01FD3243100A33A85 /* Debug */ = {
			isa = XCBuildConfiguration;
			buildSettings = {
				ALWAYS_EMBED_SWIFT_STANDARD_LIBRARIES = YES;
				BUNDLE_LOADER = "$(TEST_HOST)";
				CODE_SIGN_STYLE = Automatic;
				INFOPLIST_FILE = MovieCatalogTests/Info.plist;
				LD_RUNPATH_SEARCH_PATHS = "$(inherited) @executable_path/Frameworks @loader_path/Frameworks";
				PRODUCT_BUNDLE_IDENTIFIER = Com.Drones.MovieCatalogTests;
				PRODUCT_NAME = "$(TARGET_NAME)";
				SWIFT_VERSION = 4.0;
				TARGETED_DEVICE_FAMILY = "1,2";
				TEST_HOST = "$(BUILT_PRODUCTS_DIR)/MovieCatalog.app/MovieCatalog";
			};
			name = Debug;
		};
		DC67AEC11FD3243100A33A85 /* Release */ = {
			isa = XCBuildConfiguration;
			buildSettings = {
				ALWAYS_EMBED_SWIFT_STANDARD_LIBRARIES = YES;
				BUNDLE_LOADER = "$(TEST_HOST)";
				CODE_SIGN_STYLE = Automatic;
				INFOPLIST_FILE = MovieCatalogTests/Info.plist;
				LD_RUNPATH_SEARCH_PATHS = "$(inherited) @executable_path/Frameworks @loader_path/Frameworks";
				PRODUCT_BUNDLE_IDENTIFIER = Com.Drones.MovieCatalogTests;
				PRODUCT_NAME = "$(TARGET_NAME)";
				SWIFT_VERSION = 4.0;
				TARGETED_DEVICE_FAMILY = "1,2";
				TEST_HOST = "$(BUILT_PRODUCTS_DIR)/MovieCatalog.app/MovieCatalog";
			};
			name = Release;
		};
		DC67AEC31FD3243100A33A85 /* Debug */ = {
			isa = XCBuildConfiguration;
			buildSettings = {
				ALWAYS_EMBED_SWIFT_STANDARD_LIBRARIES = YES;
				CODE_SIGN_STYLE = Automatic;
				INFOPLIST_FILE = MovieCatalogUITests/Info.plist;
				LD_RUNPATH_SEARCH_PATHS = "$(inherited) @executable_path/Frameworks @loader_path/Frameworks";
				PRODUCT_BUNDLE_IDENTIFIER = Com.Drones.MovieCatalogUITests;
				PRODUCT_NAME = "$(TARGET_NAME)";
				SWIFT_VERSION = 4.0;
				TARGETED_DEVICE_FAMILY = "1,2";
				TEST_TARGET_NAME = MovieCatalog;
			};
			name = Debug;
		};
		DC67AEC41FD3243100A33A85 /* Release */ = {
			isa = XCBuildConfiguration;
			buildSettings = {
				ALWAYS_EMBED_SWIFT_STANDARD_LIBRARIES = YES;
				CODE_SIGN_STYLE = Automatic;
				INFOPLIST_FILE = MovieCatalogUITests/Info.plist;
				LD_RUNPATH_SEARCH_PATHS = "$(inherited) @executable_path/Frameworks @loader_path/Frameworks";
				PRODUCT_BUNDLE_IDENTIFIER = Com.Drones.MovieCatalogUITests;
				PRODUCT_NAME = "$(TARGET_NAME)";
				SWIFT_VERSION = 4.0;
				TARGETED_DEVICE_FAMILY = "1,2";
				TEST_TARGET_NAME = MovieCatalog;
			};
			name = Release;
		};
/* End XCBuildConfiguration section */

/* Begin XCConfigurationList section */
		DC67AE8F1FD3243000A33A85 /* Build configuration list for PBXProject "MovieCatalog" */ = {
			isa = XCConfigurationList;
			buildConfigurations = (
				DC67AEBA1FD3243100A33A85 /* Debug */,
				DC67AEBB1FD3243100A33A85 /* Release */,
			);
			defaultConfigurationIsVisible = 0;
			defaultConfigurationName = Release;
		};
		DC67AEBC1FD3243100A33A85 /* Build configuration list for PBXNativeTarget "MovieCatalog" */ = {
			isa = XCConfigurationList;
			buildConfigurations = (
				DC67AEBD1FD3243100A33A85 /* Debug */,
				DC67AEBE1FD3243100A33A85 /* Release */,
			);
			defaultConfigurationIsVisible = 0;
			defaultConfigurationName = Release;
		};
		DC67AEBF1FD3243100A33A85 /* Build configuration list for PBXNativeTarget "MovieCatalogTests" */ = {
			isa = XCConfigurationList;
			buildConfigurations = (
				DC67AEC01FD3243100A33A85 /* Debug */,
				DC67AEC11FD3243100A33A85 /* Release */,
			);
			defaultConfigurationIsVisible = 0;
			defaultConfigurationName = Release;
		};
		DC67AEC21FD3243100A33A85 /* Build configuration list for PBXNativeTarget "MovieCatalogUITests" */ = {
			isa = XCConfigurationList;
			buildConfigurations = (
				DC67AEC31FD3243100A33A85 /* Debug */,
				DC67AEC41FD3243100A33A85 /* Release */,
			);
			defaultConfigurationIsVisible = 0;
			defaultConfigurationName = Release;
		};
/* End XCConfigurationList section */

/* Begin XCVersionGroup section */
		64235E0B1FD4C30D0031A2DF /* MovieCatalogCoreData.xcdatamodeld */ = {
			isa = XCVersionGroup;
			children = (
				64235E0C1FD4C30D0031A2DF /* MovieCatalogCoreData.xcdatamodel */,
			);
			currentVersion = 64235E0C1FD4C30D0031A2DF /* MovieCatalogCoreData.xcdatamodel */;
			path = MovieCatalogCoreData.xcdatamodeld;
			sourceTree = "<group>";
			versionGroupType = wrapper.xcdatamodel;
		};
/* End XCVersionGroup section */
	};
	rootObject = DC67AE8C1FD3243000A33A85 /* Project object */;
}
